Microsoft Visual Studio Solution File, Format Version 12.00
# Visual Studio Version 17
VisualStudioVersion = 17.5.2.0
MinimumVisualStudioVersion = 10.0.40219.1
Project("{FAE04EC0-301F-11D3-BF4B-00C04F79EFBC}") = "IsoTreatment.ApiGateway", "IsoTreatment.ApiGateway.csproj", "{A2311582-1776-9932-3681-1624C16BB3E6}"
EndProject
Global
	GlobalSection(SolutionConfigurationPlatforms) = preSolution
		Debug|Any CPU = Debug|Any CPU
		Release|Any CPU = Release|Any CPU
	EndGlobalSection
	GlobalSection(ProjectConfigurationPlatforms) = postSolution
		{A2311582-1776-9932-3681-1624C16BB3E6}.Debug|Any CPU.ActiveCfg = Debug|Any CPU
		{A2311582-1776-9932-3681-1624C16BB3E6}.Debug|Any CPU.Build.0 = Debug|Any CPU
		{A2311582-1776-9932-3681-1624C16BB3E6}.Release|Any CPU.ActiveCfg = Release|Any CPU
		{A2311582-1776-9932-3681-1624C16BB3E6}.Release|Any CPU.Build.0 = Release|Any CPU
	EndGlobalSection
	GlobalSection(SolutionProperties) = preSolution
		HideSolutionNode = FALSE
	EndGlobalSection
	GlobalSection(ExtensibilityGlobals) = postSolution
		SolutionGuid = {790F99D6-0F9B-4252-B1F3-93823355B98D}
	EndGlobalSection
EndGlobal
